
Microsoft Visual Studio Solution File, Format Version 12.00
# Visual Studio Version 17
VisualStudioVersion = 17.14.36930.0
MinimumVisualStudioVersion = 10.0.40219.1
Project("{FAE04EC0-301F-11D3-BF4B-00C04F79EFBC}") = "ConsoleUI", "ConsoleUI\ConsoleUI.csproj", "{3D85898C-6D0A-4CE0-A942-FAAE5249E6F4}"
EndProject
Project("{FAE04EC0-301F-11D3-BF4B-00C04F79EFBC}") = "Data", "Data\Data.csproj", "{94A719F7-DCFB-4E4C-8924-F54B88DF3258}"
EndProject
Project("{FAE04EC0-301F-11D3-BF4B-00C04F79EFBC}") = "Services", "Services\Services.csproj", "{ED324B0B-A5A3-4A96-A126-A549285D5886}"
EndProject
Project("{FAE04EC0-301F-11D3-BF4B-00C04F79EFBC}") = "SimulationCore", "SimulationCore\SimulationCore.csproj", "{478DAB17-2CFB-FE1B-31A8-311203F5BDFA}"
EndProject
Project("{FAE04EC0-301F-11D3-BF4B-00C04F79EFBC}") = "GUI", "GUI\GUI.csproj", "{36600325-0560-EFB1-C079-4E957C39FC52}"
EndProject
Project("{FAE04EC0-301F-11D3-BF4B-00C04F79EFBC}") = "GUI.Desktop", "GUI.Desktop\GUI.Desktop.csproj", "{D3E787AD-EB64-8DFD-67BE-8290FA8791AA}"
EndProject
Project("{FAE04EC0-301F-11D3-BF4B-00C04F79EFBC}") = "Shared", "Shared\Shared.csproj", "{C5412E6A-24F2-4D06-8AAC-679303936E74}"
EndProject
Global
	GlobalSection(SolutionConfigurationPlatforms) = preSolution
		Debug|Any CPU = Debug|Any CPU
		Release|Any CPU = Release|Any CPU
	EndGlobalSection
	GlobalSection(ProjectConfigurationPlatforms) = postSolution
		{3D85898C-6D0A-4CE0-A942-FAAE5249E6F4}.Debug|Any CPU.ActiveCfg = Debug|Any CPU
		{3D85898C-6D0A-4CE0-A942-FAAE5249E6F4}.Debug|Any CPU.Build.0 = Debug|Any CPU
		{3D85898C-6D0A-4CE0-A942-FAAE5249E6F4}.Release|Any CPU.ActiveCfg = Release|Any CPU
		{3D85898C-6D0A-4CE0-A942-FAAE5249E6F4}.Release|Any CPU.Build.0 = Release|Any CPU
		{94A719F7-DCFB-4E4C-8924-F54B88DF3258}.Debug|Any CPU.ActiveCfg = Debug|Any CPU
		{94A719F7-DCFB-4E4C-8924-F54B88DF3258}.Debug|Any CPU.Build.0 = Debug|Any CPU
		{94A719F7-DCFB-4E4C-8924-F54B88DF3258}.Release|Any CPU.ActiveCfg = Release|Any CPU
		{94A719F7-DCFB-4E4C-8924-F54B88DF3258}.Release|Any CPU.Build.0 = Release|Any CPU
		{ED324B0B-A5A3-4A96-A126-A549285D5886}.Debug|Any CPU.ActiveCfg = Debug|Any CPU
		{ED324B0B-A5A3-4A96-A126-A549285D5886}.Debug|Any CPU.Build.0 = Debug|Any CPU
		{ED324B0B-A5A3-4A96-A126-A549285D5886}.Release|Any CPU.ActiveCfg = Release|Any CPU
		{ED324B0B-A5A3-4A96-A126-A549285D5886}.Release|Any CPU.Build.0 = Release|Any CPU
		{478DAB17-2CFB-FE1B-31A8-311203F5BDFA}.Debug|Any CPU.ActiveCfg = Debug|Any CPU
		{478DAB17-2CFB-FE1B-31A8-311203F5BDFA}.Debug|Any CPU.Build.0 = Debug|Any CPU
		{478DAB17-2CFB-FE1B-31A8-311203F5BDFA}.Release|Any CPU.ActiveCfg = Release|Any CPU
		{478DAB17-2CFB-FE1B-31A8-311203F5BDFA}.Release|Any CPU.Build.0 = Release|Any CPU
		{36600325-0560-EFB1-C079-4E957C39FC52}.Debug|Any CPU.ActiveCfg = Debug|Any CPU
		{36600325-0560-EFB1-C079-4E957C39FC52}.Debug|Any CPU.Build.0 = Debug|Any CPU
		{36600325-0560-EFB1-C079-4E957C39FC52}.Release|Any CPU.ActiveCfg = Release|Any CPU
		{36600325-0560-EFB1-C079-4E957C39FC52}.Release|Any CPU.Build.0 = Release|Any CPU
		{D3E787AD-EB64-8DFD-67BE-8290FA8791AA}.Debug|Any CPU.ActiveCfg = Debug|Any CPU
		{D3E787AD-EB64-8DFD-67BE-8290FA8791AA}.Debug|Any CPU.Build.0 = Debug|Any CPU
		{D3E787AD-EB64-8DFD-67BE-8290FA8791AA}.Release|Any CPU.ActiveCfg = Release|Any CPU
		{D3E787AD-EB64-8DFD-67BE-8290FA8791AA}.Release|Any CPU.Build.0 = Release|Any CPU
		{C5412E6A-24F2-4D06-8AAC-679303936E74}.Debug|Any CPU.ActiveCfg = Debug|Any CPU
		{C5412E6A-24F2-4D06-8AAC-679303936E74}.Debug|Any CPU.Build.0 = Debug|Any CPU
		{C5412E6A-24F2-4D06-8AAC-679303936E74}.Release|Any CPU.ActiveCfg = Release|Any CPU
		{C5412E6A-24F2-4D06-8AAC-679303936E74}.Release|Any CPU.Build.0 = Release|Any CPU
	EndGlobalSection
	GlobalSection(SolutionProperties) = preSolution
		HideSolutionNode = FALSE
	EndGlobalSection
	GlobalSection(ExtensibilityGlobals) = postSolution
		SolutionGuid = {F8693597-105D-4317-98A4-A1B4FB47F496}
	EndGlobalSection
EndGlobal
